// !$*UTF8*$!
{
	archiveVersion = 1;
	classes = {
	};
	objectVersion = 50;
	objects = {

/* Begin PBXBuildFile section */
		2297226651D213E5693AE98D /* Pods_Schedule2.framework in Frameworks */ = {isa = PBXBuildFile; fileRef = 209669591186E3256B5EBD41 /* Pods_Schedule2.framework */; };
		988432F221ABD5610037DFB0 /* AppDelegate.swift in Sources */ = {isa = PBXBuildFile; fileRef = 988432F121ABD5610037DFB0 /* AppDelegate.swift */; };
		988432F421ABD5610037DFB0 /* ViewController.swift in Sources */ = {isa = PBXBuildFile; fileRef = 988432F321ABD5610037DFB0 /* ViewController.swift */; };
		988432F721ABD5610037DFB0 /* Main.storyboard in Resources */ = {isa = PBXBuildFile; fileRef = 988432F521ABD5610037DFB0 /* Main.storyboard */; };
		988432F921ABD5620037DFB0 /* Assets.xcassets in Resources */ = {isa = PBXBuildFile; fileRef = 988432F821ABD5620037DFB0 /* Assets.xcassets */; };
		988432FC21ABD5620037DFB0 /* LaunchScreen.storyboard in Resources */ = {isa = PBXBuildFile; fileRef = 988432FA21ABD5620037DFB0 /* LaunchScreen.storyboard */; };
		9884330621ABDBEC0037DFB0 /* ScheduleItemCollectionViewCell.swift in Sources */ = {isa = PBXBuildFile; fileRef = 9884330521ABDBEC0037DFB0 /* ScheduleItemCollectionViewCell.swift */; };
		9884330E21AD37400037DFB0 /* SecondViewController.swift in Sources */ = {isa = PBXBuildFile; fileRef = 9884330D21AD37400037DFB0 /* SecondViewController.swift */; };
		98BE045A21FDA28000D53FA8 /* GoogleService-Info.plist in Resources */ = {isa = PBXBuildFile; fileRef = 98BE045921FDA28000D53FA8 /* GoogleService-Info.plist */; };
		98BE045D21FDAF8200D53FA8 /* LoginViewController.swift in Sources */ = {isa = PBXBuildFile; fileRef = 98BE045C21FDAF8200D53FA8 /* LoginViewController.swift */; };
		98BE046021FDD7C700D53FA8 /* icons8-settings.undefined in Resources */ = {isa = PBXBuildFile; fileRef = 98BE045F21FDD7C700D53FA8 /* icons8-settings.undefined */; };
		98BE046221FDDE1300D53FA8 /* AcountViewController.swift in Sources */ = {isa = PBXBuildFile; fileRef = 98BE046121FDDE1300D53FA8 /* AcountViewController.swift */; };
		98BE046421FF323000D53FA8 /* iconmonstr-user-circle-thin-240.png in Resources */ = {isa = PBXBuildFile; fileRef = 98BE046321FF323000D53FA8 /* iconmonstr-user-circle-thin-240.png */; };
		98BE046622005EB300D53FA8 /* AccountEditViewController.swift in Sources */ = {isa = PBXBuildFile; fileRef = 98BE046522005EB300D53FA8 /* AccountEditViewController.swift */; };
		98BE046A2200606600D53FA8 /* icons8-delete-filled-50.png in Resources */ = {isa = PBXBuildFile; fileRef = 98BE04692200606600D53FA8 /* icons8-delete-filled-50.png */; };
		98BE046C2200780400D53FA8 /* daigakuEditViewController.swift in Sources */ = {isa = PBXBuildFile; fileRef = 98BE046B2200780400D53FA8 /* daigakuEditViewController.swift */; };
		98BE046E2200782E00D53FA8 /* gakubuEditViewController.swift in Sources */ = {isa = PBXBuildFile; fileRef = 98BE046D2200782E00D53FA8 /* gakubuEditViewController.swift */; };
		98BE04702200785F00D53FA8 /* gakkaEditViewController.swift in Sources */ = {isa = PBXBuildFile; fileRef = 98BE046F2200785F00D53FA8 /* gakkaEditViewController.swift */; };
		98BE04752200A97300D53FA8 /* 646.jpg in Resources */ = {isa = PBXBuildFile; fileRef = 98BE04712200A97100D53FA8 /* 646.jpg */; };
		98BE04762200A97300D53FA8 /* 647.jpg in Resources */ = {isa = PBXBuildFile; fileRef = 98BE04722200A97200D53FA8 /* 647.jpg */; };
		98BE04772200A97300D53FA8 /* 645.jpg in Resources */ = {isa = PBXBuildFile; fileRef = 98BE04732200A97200D53FA8 /* 645.jpg */; };
		98BE04782200A97300D53FA8 /* 644.jpg in Resources */ = {isa = PBXBuildFile; fileRef = 98BE04742200A97300D53FA8 /* 644.jpg */; };
		98CF880B2205C9040026802E /* SchesuleViewController.swift in Sources */ = {isa = PBXBuildFile; fileRef = 98CF880A2205C9040026802E /* SchesuleViewController.swift */; };
		98CF880D22063F3F0026802E /* UIView+Border.swift in Sources */ = {isa = PBXBuildFile; fileRef = 98CF880C22063F3F0026802E /* UIView+Border.swift */; };
		98CF880F22064A410026802E /* new_class_ViewController.swift in Sources */ = {isa = PBXBuildFile; fileRef = 98CF880E22064A410026802E /* new_class_ViewController.swift */; };
/* End PBXBuildFile section */

/* Begin PBXFileReference section */
		209669591186E3256B5EBD41 /* Pods_Schedule2.framework */ = {isa = PBXFileReference; explicitFileType = wrapper.framework; includeInIndex = 0; path = Pods_Schedule2.framework; sourceTree = BUILT_PRODUCTS_DIR; };
		24DF07A519BDE971E2149F74 /* Pods-Schedule2.debug.xcconfig */ = {isa = PBXFileReference; includeInIndex = 1; lastKnownFileType = text.xcconfig; name = "Pods-Schedule2.debug.xcconfig"; path = "Pods/Target Support Files/Pods-Schedule2/Pods-Schedule2.debug.xcconfig"; sourceTree = "<group>"; };
		988432EE21ABD5610037DFB0 /* Schedule2.app */ = {isa = PBXFileReference; explicitFileType = wrapper.application; includeInIndex = 0; path = Schedule2.app; sourceTree = BUILT_PRODUCTS_DIR; };
		988432F121ABD5610037DFB0 /* AppDelegate.swift */ = {isa = PBXFileReference; lastKnownFileType = sourcecode.swift; path = AppDelegate.swift; sourceTree = "<group>"; };
		988432F321ABD5610037DFB0 /* ViewController.swift */ = {isa = PBXFileReference; lastKnownFileType = sourcecode.swift; path = ViewController.swift; sourceTree = "<group>"; };
		988432F621ABD5610037DFB0 /* Base */ = {isa = PBXFileReference; lastKnownFileType = file.storyboard; name = Base; path = Base.lproj/Main.storyboard; sourceTree = "<group>"; };
		988432F821ABD5620037DFB0 /* Assets.xcassets */ = {isa = PBXFileReference; lastKnownFileType = folder.assetcatalog; path = Assets.xcassets; sourceTree = "<group>"; };
		988432FB21ABD5620037DFB0 /* Base */ = {isa = PBXFileReference; lastKnownFileType = file.storyboard; name = Base; path = Base.lproj/LaunchScreen.storyboard; sourceTree = "<group>"; };
		988432FD21ABD5620037DFB0 /* Info.plist */ = {isa = PBXFileReference; lastKnownFileType = text.plist.xml; path = Info.plist; sourceTree = "<group>"; };
		9884330521ABDBEC0037DFB0 /* ScheduleItemCollectionViewCell.swift */ = {isa = PBXFileReference; lastKnownFileType = sourcecode.swift; path = ScheduleItemCollectionViewCell.swift; sourceTree = "<group>"; };
		9884330D21AD37400037DFB0 /* SecondViewController.swift */ = {isa = PBXFileReference; lastKnownFileType = sourcecode.swift; path = SecondViewController.swift; sourceTree = "<group>"; };
		98BE045921FDA28000D53FA8 /* GoogleService-Info.plist */ = {isa = PBXFileReference; fileEncoding = 4; lastKnownFileType = text.plist.xml; path = "GoogleService-Info.plist"; sourceTree = "<group>"; };
		98BE045B21FDAC4600D53FA8 /* Schedule2.entitlements */ = {isa = PBXFileReference; lastKnownFileType = text.plist.entitlements; path = Schedule2.entitlements; sourceTree = "<group>"; };
		98BE045C21FDAF8200D53FA8 /* LoginViewController.swift */ = {isa = PBXFileReference; lastKnownFileType = sourcecode.swift; path = LoginViewController.swift; sourceTree = "<group>"; };
		98BE045F21FDD7C700D53FA8 /* icons8-settings.undefined */ = {isa = PBXFileReference; lastKnownFileType = file; path = "icons8-settings.undefined"; sourceTree = "<group>"; };
		98BE046121FDDE1300D53FA8 /* AcountViewController.swift */ = {isa = PBXFileReference; lastKnownFileType = sourcecode.swift; path = AcountViewController.swift; sourceTree = "<group>"; };
		98BE046321FF323000D53FA8 /* iconmonstr-user-circle-thin-240.png */ = {isa = PBXFileReference; lastKnownFileType = image.png; path = "iconmonstr-user-circle-thin-240.png"; sourceTree = "<group>"; };
		98BE046522005EB300D53FA8 /* AccountEditViewController.swift */ = {isa = PBXFileReference; lastKnownFileType = sourcecode.swift; path = AccountEditViewController.swift; sourceTree = "<group>"; };
		98BE04692200606600D53FA8 /* icons8-delete-filled-50.png */ = {isa = PBXFileReference; lastKnownFileType = image.png; path = "icons8-delete-filled-50.png"; sourceTree = "<group>"; };
		98BE046B2200780400D53FA8 /* daigakuEditViewController.swift */ = {isa = PBXFileReference; lastKnownFileType = sourcecode.swift; path = daigakuEditViewController.swift; sourceTree = "<group>"; };
		98BE046D2200782E00D53FA8 /* gakubuEditViewController.swift */ = {isa = PBXFileReference; lastKnownFileType = sourcecode.swift; path = gakubuEditViewController.swift; sourceTree = "<group>"; };
		98BE046F2200785F00D53FA8 /* gakkaEditViewController.swift */ = {isa = PBXFileReference; lastKnownFileType = sourcecode.swift; path = gakkaEditViewController.swift; sourceTree = "<group>"; };
		98BE04712200A97100D53FA8 /* 646.jpg */ = {isa = PBXFileReference; lastKnownFileType = image.jpeg; path = 646.jpg; sourceTree = "<group>"; };
		98BE04722200A97200D53FA8 /* 647.jpg */ = {isa = PBXFileReference; lastKnownFileType = image.jpeg; path = 647.jpg; sourceTree = "<group>"; };
		98BE04732200A97200D53FA8 /* 645.jpg */ = {isa = PBXFileReference; lastKnownFileType = image.jpeg; path = 645.jpg; sourceTree = "<group>"; };
		98BE04742200A97300D53FA8 /* 644.jpg */ = {isa = PBXFileReference; lastKnownFileType = image.jpeg; path = 644.jpg; sourceTree = "<group>"; };
		98CF880A2205C9040026802E /* SchesuleViewController.swift */ = {isa = PBXFileReference; lastKnownFileType = sourcecode.swift; path = SchesuleViewController.swift; sourceTree = "<group>"; };
		98CF880C22063F3F0026802E /* UIView+Border.swift */ = {isa = PBXFileReference; lastKnownFileType = sourcecode.swift; path = "UIView+Border.swift"; sourceTree = "<group>"; };
		98CF880E22064A410026802E /* new_class_ViewController.swift */ = {isa = PBXFileReference; lastKnownFileType = sourcecode.swift; path = new_class_ViewController.swift; sourceTree = "<group>"; };
		A1EBC111DBFBBBE60AE4E73A /* Pods-Schedule2.release.xcconfig */ = {isa = PBXFileReference; includeInIndex = 1; lastKnownFileType = text.xcconfig; name = "Pods-Schedule2.release.xcconfig"; path = "Pods/Target Support Files/Pods-Schedule2/Pods-Schedule2.release.xcconfig"; sourceTree = "<group>"; };
/* End PBXFileReference section */

/* Begin PBXFrameworksBuildPhase section */
		988432EB21ABD5610037DFB0 /* Frameworks */ = {
			isa = PBXFrameworksBuildPhase;
			buildActionMask = 2147483647;
			files = (
				2297226651D213E5693AE98D /* Pods_Schedule2.framework in Frameworks */,
			);
			runOnlyForDeploymentPostprocessing = 0;
		};
/* End PBXFrameworksBuildPhase section */

/* Begin PBXGroup section */
		0295B7ADB9D34E769DB20A93 /* Pods */ = {
			isa = PBXGroup;
			children = (
				24DF07A519BDE971E2149F74 /* Pods-Schedule2.debug.xcconfig */,
				A1EBC111DBFBBBE60AE4E73A /* Pods-Schedule2.release.xcconfig */,
			);
			name = Pods;
			sourceTree = "<group>";
		};
		988432E521ABD5610037DFB0 = {
			isa = PBXGroup;
			children = (
				988432F021ABD5610037DFB0 /* Schedule2 */,
				988432EF21ABD5610037DFB0 /* Products */,
				0295B7ADB9D34E769DB20A93 /* Pods */,
				FAB49EBD3A16C8E08D991896 /* Frameworks */,
			);
			sourceTree = "<group>";
		};
		988432EF21ABD5610037DFB0 /* Products */ = {
			isa = PBXGroup;
			children = (
				988432EE21ABD5610037DFB0 /* Schedule2.app */,
			);
			name = Products;
			sourceTree = "<group>";
		};
		988432F021ABD5610037DFB0 /* Schedule2 */ = {
			isa = PBXGroup;
			children = (
				98BE045E21FDD7AC00D53FA8 /* 素材 */,
				988432F521ABD5610037DFB0 /* Main.storyboard */,
				98BE045C21FDAF8200D53FA8 /* LoginViewController.swift */,
				988432F321ABD5610037DFB0 /* ViewController.swift */,
				98CF880E22064A410026802E /* new_class_ViewController.swift */,
				9884330521ABDBEC0037DFB0 /* ScheduleItemCollectionViewCell.swift */,
				98CF880A2205C9040026802E /* SchesuleViewController.swift */,
				98BE046121FDDE1300D53FA8 /* AcountViewController.swift */,
				98BE046522005EB300D53FA8 /* AccountEditViewController.swift */,
				98BE046B2200780400D53FA8 /* daigakuEditViewController.swift */,
				98BE046D2200782E00D53FA8 /* gakubuEditViewController.swift */,
				98BE046F2200785F00D53FA8 /* gakkaEditViewController.swift */,
				9884330D21AD37400037DFB0 /* SecondViewController.swift */,
				988432F121ABD5610037DFB0 /* AppDelegate.swift */,
				988432F821ABD5620037DFB0 /* Assets.xcassets */,
				988432FA21ABD5620037DFB0 /* LaunchScreen.storyboard */,
				988432FD21ABD5620037DFB0 /* Info.plist */,
				98BE045921FDA28000D53FA8 /* GoogleService-Info.plist */,
				98BE045B21FDAC4600D53FA8 /* Schedule2.entitlements */,
				98CF880C22063F3F0026802E /* UIView+Border.swift */,
			);
			path = Schedule2;
			sourceTree = "<group>";
		};
		98BE045E21FDD7AC00D53FA8 /* 素材 */ = {
			isa = PBXGroup;
			children = (
				98BE04742200A97300D53FA8 /* 644.jpg */,
				98BE04732200A97200D53FA8 /* 645.jpg */,
				98BE04712200A97100D53FA8 /* 646.jpg */,
				98BE04722200A97200D53FA8 /* 647.jpg */,
				98BE04692200606600D53FA8 /* icons8-delete-filled-50.png */,
				98BE046321FF323000D53FA8 /* iconmonstr-user-circle-thin-240.png */,
				98BE045F21FDD7C700D53FA8 /* icons8-settings.undefined */,
			);
			name = "素材";
			path = "ぞざい";
			sourceTree = "<group>";
		};
		FAB49EBD3A16C8E08D991896 /* Frameworks */ = {
			isa = PBXGroup;
			children = (
				209669591186E3256B5EBD41 /* Pods_Schedule2.framework */,
			);
			name = Frameworks;
			sourceTree = "<group>";
		};
/* End PBXGroup section */

/* Begin PBXNativeTarget section */
		988432ED21ABD5610037DFB0 /* Schedule2 */ = {
			isa = PBXNativeTarget;
			buildConfigurationList = 9884330021ABD5620037DFB0 /* Build configuration list for PBXNativeTarget "Schedule2" */;
			buildPhases = (
				04FD3734066E1035193195D3 /* [CP] Check Pods Manifest.lock */,
				988432EA21ABD5610037DFB0 /* Sources */,
				988432EB21ABD5610037DFB0 /* Frameworks */,
				988432EC21ABD5610037DFB0 /* Resources */,
				752FFDAEF151B395C85F5542 /* [CP] Embed Pods Frameworks */,
				6BC985EECEBC27BDF9E3A734 /* [CP] Copy Pods Resources */,
			);
			buildRules = (
			);
			dependencies = (
			);
			name = Schedule2;
			productName = Schedule2;
			productReference = 988432EE21ABD5610037DFB0 /* Schedule2.app */;
			productType = "com.apple.product-type.application";
		};
/* End PBXNativeTarget section */

/* Begin PBXProject section */
		988432E621ABD5610037DFB0 /* Project object */ = {
			isa = PBXProject;
			attributes = {
				LastSwiftUpdateCheck = 1010;
				LastUpgradeCheck = 1010;
				ORGANIZATIONNAME = "Digital Circus Inc.";
				TargetAttributes = {
					988432ED21ABD5610037DFB0 = {
						CreatedOnToolsVersion = 10.1;
						SystemCapabilities = {
							com.apple.Keychain = {
								enabled = 1;
							};
						};
					};
				};
			};
			buildConfigurationList = 988432E921ABD5610037DFB0 /* Build configuration list for PBXProject "Schedule2" */;
			compatibilityVersion = "Xcode 9.3";
			developmentRegion = en;
			hasScannedForEncodings = 0;
			knownRegions = (
				en,
				Base,
			);
			mainGroup = 988432E521ABD5610037DFB0;
			productRefGroup = 988432EF21ABD5610037DFB0 /* Products */;
			projectDirPath = "";
			projectRoot = "";
			targets = (
				988432ED21ABD5610037DFB0 /* Schedule2 */,
			);
		};
/* End PBXProject section */

/* Begin PBXResourcesBuildPhase section */
		988432EC21ABD5610037DFB0 /* Resources */ = {
			isa = PBXResourcesBuildPhase;
			buildActionMask = 2147483647;
			files = (
				98BE04762200A97300D53FA8 /* 647.jpg in Resources */,
				988432FC21ABD5620037DFB0 /* LaunchScreen.storyboard in Resources */,
				98BE045A21FDA28000D53FA8 /* GoogleService-Info.plist in Resources */,
				98BE04772200A97300D53FA8 /* 645.jpg in Resources */,
				98BE046421FF323000D53FA8 /* iconmonstr-user-circle-thin-240.png in Resources */,
				988432F921ABD5620037DFB0 /* Assets.xcassets in Resources */,
				988432F721ABD5610037DFB0 /* Main.storyboard in Resources */,
				98BE046A2200606600D53FA8 /* icons8-delete-filled-50.png in Resources */,
				98BE04752200A97300D53FA8 /* 646.jpg in Resources */,
				98BE04782200A97300D53FA8 /* 644.jpg in Resources */,
				98BE046021FDD7C700D53FA8 /* icons8-settings.undefined in Resources */,
			);
			runOnlyForDeploymentPostprocessing = 0;
		};
/* End PBXResourcesBuildPhase section */

/* Begin PBXShellScriptBuildPhase section */
		04FD3734066E1035193195D3 /* [CP] Check Pods Manifest.lock */ = {
			isa = PBXShellScriptBuildPhase;
			buildActionMask = 2147483647;
			files = (
			);
			inputFileListPaths = (
			);
			inputPaths = (
				"${PODS_PODFILE_DIR_PATH}/Podfile.lock",
				"${PODS_ROOT}/Manifest.lock",
			);
			name = "[CP] Check Pods Manifest.lock";
			outputFileListPaths = (
			);
			outputPaths = (
				"$(DERIVED_FILE_DIR)/Pods-Schedule2-checkManifestLockResult.txt",
			);
			runOnlyForDeploymentPostprocessing = 0;
			shellPath = /bin/sh;
			shellScript = "diff \"${PODS_PODFILE_DIR_PATH}/Podfile.lock\" \"${PODS_ROOT}/Manifest.lock\" > /dev/null\nif [ $? != 0 ] ; then\n    # print error to STDERR\n    echo \"error: The sandbox is not in sync with the Podfile.lock. Run 'pod install' or update your CocoaPods installation.\" >&2\n    exit 1\nfi\n# This output is used by Xcode 'outputs' to avoid re-running this script phase.\necho \"SUCCESS\" > \"${SCRIPT_OUTPUT_FILE_0}\"\n";
			showEnvVarsInLog = 0;
		};
		6BC985EECEBC27BDF9E3A734 /* [CP] Copy Pods Resources */ = {
			isa = PBXShellScriptBuildPhase;
			buildActionMask = 2147483647;
			files = (
			);
			inputFileListPaths = (
			);
			inputPaths = (
				"${SRCROOT}/Pods/Target Support Files/Pods-Schedule2/Pods-Schedule2-resources.sh",
				"${PODS_CONFIGURATION_BUILD_DIR}/FirebaseUI/FirebaseAnonymousAuthUI.bundle",
				"${PODS_CONFIGURATION_BUILD_DIR}/FirebaseUI/FirebaseAuthUI.bundle",
				"${PODS_CONFIGURATION_BUILD_DIR}/FirebaseUI/FirebaseFacebookAuthUI.bundle",
				"${PODS_CONFIGURATION_BUILD_DIR}/FirebaseUI/FirebaseGoogleAuthUI.bundle",
				"${PODS_CONFIGURATION_BUILD_DIR}/FirebaseUI/FirebasePhoneAuthUI.bundle",
				"${PODS_CONFIGURATION_BUILD_DIR}/FirebaseUI/FirebaseTwitterAuthUI.bundle",
				"${PODS_ROOT}/GoogleSignIn/Resources/GoogleSignIn.bundle",
				"${PODS_ROOT}/TwitterKit/iOS/TwitterKit.framework/TwitterKitResources.bundle",
			);
			name = "[CP] Copy Pods Resources";
			outputFileListPaths = (
			);
			outputPaths = (
				"${TARGET_BUILD_DIR}/${UNLOCALIZED_RESOURCES_FOLDER_PATH}/FirebaseAnonymousAuthUI.bundle",
				"${TARGET_BUILD_DIR}/${UNLOCALIZED_RESOURCES_FOLDER_PATH}/FirebaseAuthUI.bundle",
				"${TARGET_BUILD_DIR}/${UNLOCALIZED_RESOURCES_FOLDER_PATH}/FirebaseFacebookAuthUI.bundle",
				"${TARGET_BUILD_DIR}/${UNLOCALIZED_RESOURCES_FOLDER_PATH}/FirebaseGoogleAuthUI.bundle",
				"${TARGET_BUILD_DIR}/${UNLOCALIZED_RESOURCES_FOLDER_PATH}/FirebasePhoneAuthUI.bundle",
				"${TARGET_BUILD_DIR}/${UNLOCALIZED_RESOURCES_FOLDER_PATH}/FirebaseTwitterAuthUI.bundle",
				"${TARGET_BUILD_DIR}/${UNLOCALIZED_RESOURCES_FOLDER_PATH}/GoogleSignIn.bundle",
				"${TARGET_BUILD_DIR}/${UNLOCALIZED_RESOURCES_FOLDER_PATH}/TwitterKitResources.bundle",
			);
			runOnlyForDeploymentPostprocessing = 0;
			shellPath = /bin/sh;
			shellScript = "\"${SRCROOT}/Pods/Target Support Files/Pods-Schedule2/Pods-Schedule2-resources.sh\"\n";
			showEnvVarsInLog = 0;
		};
		752FFDAEF151B395C85F5542 /* [CP] Embed Pods Frameworks */ = {
			isa = PBXShellScriptBuildPhase;
			buildActionMask = 2147483647;
			files = (
			);
			inputFileListPaths = (
			);
			inputPaths = (
				"${SRCROOT}/Pods/Target Support Files/Pods-Schedule2/Pods-Schedule2-frameworks.sh",
				"${BUILT_PRODUCTS_DIR}/Bolts/Bolts.framework",
				"${BUILT_PRODUCTS_DIR}/BoringSSL-GRPC/openssl_grpc.framework",
				"${BUILT_PRODUCTS_DIR}/FBSDKCoreKit/FBSDKCoreKit.framework",
				"${BUILT_PRODUCTS_DIR}/FBSDKLoginKit/FBSDKLoginKit.framework",
				"${BUILT_PRODUCTS_DIR}/FacebookCore/FacebookCore.framework",
				"${BUILT_PRODUCTS_DIR}/FacebookLogin/FacebookLogin.framework",
				"${BUILT_PRODUCTS_DIR}/GTMSessionFetcher/GTMSessionFetcher.framework",
				"${BUILT_PRODUCTS_DIR}/GoogleToolboxForMac/GoogleToolboxForMac.framework",
				"${BUILT_PRODUCTS_DIR}/GoogleUtilities/GoogleUtilities.framework",
				"${BUILT_PRODUCTS_DIR}/Protobuf/Protobuf.framework",
				"${BUILT_PRODUCTS_DIR}/SDWebImage/SDWebImage.framework",
				"${PODS_ROOT}/TwitterCore/iOS/TwitterCore.framework",
				"${PODS_ROOT}/TwitterKit/iOS/TwitterKit.framework",
				"${BUILT_PRODUCTS_DIR}/gRPC-C++/grpcpp.framework",
				"${BUILT_PRODUCTS_DIR}/gRPC-Core/grpc.framework",
				"${BUILT_PRODUCTS_DIR}/leveldb-library/leveldb.framework",
				"${BUILT_PRODUCTS_DIR}/nanopb/nanopb.framework",
			);
			name = "[CP] Embed Pods Frameworks";
			outputFileListPaths = (
			);
			outputPaths = (
				"${TARGET_BUILD_DIR}/${FRAMEWORKS_FOLDER_PATH}/Bolts.framework",
				"${TARGET_BUILD_DIR}/${FRAMEWORKS_FOLDER_PATH}/openssl_grpc.framework",
				"${TARGET_BUILD_DIR}/${FRAMEWORKS_FOLDER_PATH}/FBSDKCoreKit.framework",
				"${TARGET_BUILD_DIR}/${FRAMEWORKS_FOLDER_PATH}/FBSDKLoginKit.framework",
				"${TARGET_BUILD_DIR}/${FRAMEWORKS_FOLDER_PATH}/FacebookCore.framework",
				"${TARGET_BUILD_DIR}/${FRAMEWORKS_FOLDER_PATH}/FacebookLogin.framework",
				"${TARGET_BUILD_DIR}/${FRAMEWORKS_FOLDER_PATH}/GTMSessionFetcher.framework",
				"${TARGET_BUILD_DIR}/${FRAMEWORKS_FOLDER_PATH}/GoogleToolboxForMac.framework",
				"${TARGET_BUILD_DIR}/${FRAMEWORKS_FOLDER_PATH}/GoogleUtilities.framework",
				"${TARGET_BUILD_DIR}/${FRAMEWORKS_FOLDER_PATH}/Protobuf.framework",
				"${TARGET_BUILD_DIR}/${FRAMEWORKS_FOLDER_PATH}/SDWebImage.framework",
				"${TARGET_BUILD_DIR}/${FRAMEWORKS_FOLDER_PATH}/TwitterCore.framework",
				"${TARGET_BUILD_DIR}/${FRAMEWORKS_FOLDER_PATH}/TwitterKit.framework",
				"${TARGET_BUILD_DIR}/${FRAMEWORKS_FOLDER_PATH}/grpcpp.framework",
				"${TARGET_BUILD_DIR}/${FRAMEWORKS_FOLDER_PATH}/grpc.framework",
				"${TARGET_BUILD_DIR}/${FRAMEWORKS_FOLDER_PATH}/leveldb.framework",
				"${TARGET_BUILD_DIR}/${FRAMEWORKS_FOLDER_PATH}/nanopb.framework",
			);
			runOnlyForDeploymentPostprocessing = 0;
			shellPath = /bin/sh;
			shellScript = "\"${SRCROOT}/Pods/Target Support Files/Pods-Schedule2/Pods-Schedule2-frameworks.sh\"\n";
			showEnvVarsInLog = 0;
		};
/* End PBXShellScriptBuildPhase section */

/* Begin PBXSourcesBuildPhase section */
		988432EA21ABD5610037DFB0 /* Sources */ = {
			isa = PBXSourcesBuildPhase;
			buildActionMask = 2147483647;
			files = (
				9884330E21AD37400037DFB0 /* SecondViewController.swift in Sources */,
				988432F421ABD5610037DFB0 /* ViewController.swift in Sources */,
				98BE04702200785F00D53FA8 /* gakkaEditViewController.swift in Sources */,
				988432F221ABD5610037DFB0 /* AppDelegate.swift in Sources */,
				98BE046622005EB300D53FA8 /* AccountEditViewController.swift in Sources */,
				98BE045D21FDAF8200D53FA8 /* LoginViewController.swift in Sources */,
				98BE046C2200780400D53FA8 /* daigakuEditViewController.swift in Sources */,
				98BE046221FDDE1300D53FA8 /* AcountViewController.swift in Sources */,
				98CF880F22064A410026802E /* new_class_ViewController.swift in Sources */,
				98CF880D22063F3F0026802E /* UIView+Border.swift in Sources */,
				98BE046E2200782E00D53FA8 /* gakubuEditViewController.swift in Sources */,
				9884330621ABDBEC0037DFB0 /* ScheduleItemCollectionViewCell.swift in Sources */,
				98CF880B2205C9040026802E /* SchesuleViewController.swift in Sources */,
			);
			runOnlyForDeploymentPostprocessing = 0;
		};
/* End PBXSourcesBuildPhase section */

/* Begin PBXVariantGroup section */
		988432F521ABD5610037DFB0 /* Main.storyboard */ = {
			isa = PBXVariantGroup;
			children = (
				988432F621ABD5610037DFB0 /* Base */,
			);
			name = Main.storyboard;
			sourceTree = "<group>";
		};
		988432FA21ABD5620037DFB0 /* LaunchScreen.storyboard */ = {
			isa = PBXVariantGroup;
			children = (
				988432FB21ABD5620037DFB0 /* Base */,
			);
			name = LaunchScreen.storyboard;
			sourceTree = "<group>";
		};
/* End PBXVariantGroup section */

/* Begin XCBuildConfiguration section */
		988432FE21ABD5620037DFB0 /* Debug */ = {
			isa = XCBuildConfiguration;
			buildSettings = {
				ALWAYS_SEARCH_USER_PATHS = NO;
				CLANG_ANALYZER_NONNULL = YES;
				CLANG_ANALYZER_NUMBER_OBJECT_CONVERSION = YES_AGGRESSIVE;
				CLANG_CXX_LANGUAGE_STANDARD = "gnu++14";
				CLANG_CXX_LIBRARY = "libc++";
				CLANG_ENABLE_MODULES = YES;
				CLANG_ENABLE_OBJC_ARC = YES;
				CLANG_ENABLE_OBJC_WEAK = YES;
				CLANG_WARN_BLOCK_CAPTURE_AUTORELEASING = YES;
				CLANG_WARN_BOOL_CONVERSION = YES;
				CLANG_WARN_COMMA = YES;
				CLANG_WARN_CONSTANT_CONVERSION = YES;
				CLANG_WARN_DEPRECATED_OBJC_IMPLEMENTATIONS = YES;
				CLANG_WARN_DIRECT_OBJC_ISA_USAGE = YES_ERROR;
				CLANG_WARN_DOCUMENTATION_COMMENTS = YES;
				CLANG_WARN_EMPTY_BODY = YES;
				CLANG_WARN_ENUM_CONVERSION = YES;
				CLANG_WARN_INFINITE_RECURSION = YES;
				CLANG_WARN_INT_CONVERSION = YES;
				CLANG_WARN_NON_LITERAL_NULL_CONVERSION = YES;
				CLANG_WARN_OBJC_IMPLICIT_RETAIN_SELF = YES;
				CLANG_WARN_OBJC_LITERAL_CONVERSION = YES;
				CLANG_WARN_OBJC_ROOT_CLASS = YES_ERROR;
				CLANG_WARN_RANGE_LOOP_ANALYSIS = YES;
				CLANG_WARN_STRICT_PROTOTYPES = YES;
				CLANG_WARN_SUSPICIOUS_MOVE = YES;
				CLANG_WARN_UNGUARDED_AVAILABILITY = YES_AGGRESSIVE;
				CLANG_WARN_UNREACHABLE_CODE = YES;
				CLANG_WARN__DUPLICATE_METHOD_MATCH = YES;
				CODE_SIGN_IDENTITY = "iPhone Developer";
				COPY_PHASE_STRIP = NO;
				DEBUG_INFORMATION_FORMAT = dwarf;
				ENABLE_STRICT_OBJC_MSGSEND = YES;
				ENABLE_TESTABILITY = YES;
				GCC_C_LANGUAGE_STANDARD = gnu11;
				GCC_DYNAMIC_NO_PIC = NO;
				GCC_NO_COMMON_BLOCKS = YES;
				GCC_OPTIMIZATION_LEVEL = 0;
				GCC_PREPROCESSOR_DEFINITIONS = (
					"DEBUG=1",
					"$(inherited)",
				);
				GCC_WARN_64_TO_32_BIT_CONVERSION = YES;
				GCC_WARN_ABOUT_RETURN_TYPE = YES_ERROR;
				GCC_WARN_UNDECLARED_SELECTOR = YES;
				GCC_WARN_UNINITIALIZED_AUTOS = YES_AGGRESSIVE;
				GCC_WARN_UNUSED_FUNCTION = YES;
				GCC_WARN_UNUSED_VARIABLE = YES;
				IPHONEOS_DEPLOYMENT_TARGET = 12.1;
				MTL_ENABLE_DEBUG_INFO = INCLUDE_SOURCE;
				MTL_FAST_MATH = YES;
				ONLY_ACTIVE_ARCH = YES;
				SDKROOT = iphoneos;
				SWIFT_ACTIVE_COMPILATION_CONDITIONS = DEBUG;
				SWIFT_OPTIMIZATION_LEVEL = "-Onone";
			};
			name = Debug;
		};
		988432FF21ABD5620037DFB0 /* Release */ = {
			isa = XCBuildConfiguration;
			buildSettings = {
				ALWAYS_SEARCH_USER_PATHS = NO;
				CLANG_ANALYZER_NONNULL = YES;
				CLANG_ANALYZER_NUMBER_OBJECT_CONVERSION = YES_AGGRESSIVE;
				CLANG_CXX_LANGUAGE_STANDARD = "gnu++14";
				CLANG_CXX_LIBRARY = "libc++";
				CLANG_ENABLE_MODULES = YES;
				CLANG_ENABLE_OBJC_ARC = YES;
				CLANG_ENABLE_OBJC_WEAK = YES;
				CLANG_WARN_BLOCK_CAPTURE_AUTORELEASING = YES;
				CLANG_WARN_BOOL_CONVERSION = YES;
				CLANG_WARN_COMMA = YES;
				CLANG_WARN_CONSTANT_CONVERSION = YES;
				CLANG_WARN_DEPRECATED_OBJC_IMPLEMENTATIONS = YES;
				CLANG_WARN_DIRECT_OBJC_ISA_USAGE = YES_ERROR;
				CLANG_WARN_DOCUMENTATION_COMMENTS = YES;
				CLANG_WARN_EMPTY_BODY = YES;
				CLANG_WARN_ENUM_CONVERSION = YES;
				CLANG_WARN_INFINITE_RECURSION = YES;
				CLANG_WARN_INT_CONVERSION = YES;
				CLANG_WARN_NON_LITERAL_NULL_CONVERSION = YES;
				CLANG_WARN_OBJC_IMPLICIT_RETAIN_SELF = YES;
				CLANG_WARN_OBJC_LITERAL_CONVERSION = YES;
				CLANG_WARN_OBJC_ROOT_CLASS = YES_ERROR;
				CLANG_WARN_RANGE_LOOP_ANALYSIS = YES;
				CLANG_WARN_STRICT_PROTOTYPES = YES;
				CLANG_WARN_SUSPICIOUS_MOVE = YES;
				CLANG_WARN_UNGUARDED_AVAILABILITY = YES_AGGRESSIVE;
				CLANG_WARN_UNREACHABLE_CODE = YES;
				CLANG_WARN__DUPLICATE_METHOD_MATCH = YES;
				CODE_SIGN_IDENTITY = "iPhone Developer";
				COPY_PHASE_STRIP = NO;
				DEBUG_INFORMATION_FORMAT = "dwarf-with-dsym";
				ENABLE_NS_ASSERTIONS = NO;
				ENABLE_STRICT_OBJC_MSGSEND = YES;
				GCC_C_LANGUAGE_STANDARD = gnu11;
				GCC_NO_COMMON_BLOCKS = YES;
				GCC_WARN_64_TO_32_BIT_CONVERSION = YES;
				GCC_WARN_ABOUT_RETURN_TYPE = YES_ERROR;
				GCC_WARN_UNDECLARED_SELECTOR = YES;
				GCC_WARN_UNINITIALIZED_AUTOS = YES_AGGRESSIVE;
				GCC_WARN_UNUSED_FUNCTION = YES;
				GCC_WARN_UNUSED_VARIABLE = YES;
				IPHONEOS_DEPLOYMENT_TARGET = 12.1;
				MTL_ENABLE_DEBUG_INFO = NO;
				MTL_FAST_MATH = YES;
				SDKROOT = iphoneos;
				SWIFT_COMPILATION_MODE = wholemodule;
				SWIFT_OPTIMIZATION_LEVEL = "-O";
				VALIDATE_PRODUCT = YES;
			};
			name = Release;
		};
		9884330121ABD5620037DFB0 /* Debug */ = {
			isa = XCBuildConfiguration;
			baseConfigurationReference = 24DF07A519BDE971E2149F74 /* Pods-Schedule2.debug.xcconfig */;
			buildSettings = {
				ASSETCATALOG_COMPILER_APPICON_NAME = AppIcon;
				CODE_SIGN_ENTITLEMENTS = Schedule2/Schedule2.entitlements;
				CODE_SIGN_STYLE = Automatic;
				DEVELOPMENT_TEAM = 4F37WK7V25;
				INFOPLIST_FILE = Schedule2/Info.plist;
				LD_RUNPATH_SEARCH_PATHS = (
					"$(inherited)",
					"@executable_path/Frameworks",
				);
				PRODUCT_BUNDLE_IDENTIFIER = com.example.Schedule2;
				PRODUCT_NAME = "$(TARGET_NAME)";
				SWIFT_VERSION = 4.2;
				TARGETED_DEVICE_FAMILY = "1,2";
			};
			name = Debug;
		};
		9884330221ABD5620037DFB0 /* Release */ = {
			isa = XCBuildConfiguration;
			baseConfigurationReference = A1EBC111DBFBBBE60AE4E73A /* Pods-Schedule2.release.xcconfig */;
			buildSettings = {
				ASSETCATALOG_COMPILER_APPICON_NAME = AppIcon;
				CODE_SIGN_ENTITLEMENTS = Schedule2/Schedule2.entitlements;
				CODE_SIGN_STYLE = Automatic;
				DEVELOPMENT_TEAM = 4F37WK7V25;
				INFOPLIST_FILE = Schedule2/Info.plist;
				LD_RUNPATH_SEARCH_PATHS = (
					"$(inherited)",
					"@executable_path/Frameworks",
				);
				PRODUCT_BUNDLE_IDENTIFIER = com.example.Schedule2;
				PRODUCT_NAME = "$(TARGET_NAME)";
				SWIFT_VERSION = 4.2;
				TARGETED_DEVICE_FAMILY = "1,2";
			};
			name = Release;
		};
/* End XCBuildConfiguration section */

/* Begin XCConfigurationList section */
		988432E921ABD5610037DFB0 /* Build configuration list for PBXProject "Schedule2" */ = {
			isa = XCConfigurationList;
			buildConfigurations = (
				988432FE21ABD5620037DFB0 /* Debug */,
				988432FF21ABD5620037DFB0 /* Release */,
			);
			defaultConfigurationIsVisible = 0;
			defaultConfigurationName = Release;
		};
		9884330021ABD5620037DFB0 /* Build configuration list for PBXNativeTarget "Schedule2" */ = {
			isa = XCConfigurationList;
			buildConfigurations = (
				9884330121ABD5620037DFB0 /* Debug */,
				9884330221ABD5620037DFB0 /* Release */,
			);
			defaultConfigurationIsVisible = 0;
			defaultConfigurationName = Release;
		};
/* End XCConfigurationList section */
	};
	rootObject = 988432E621ABD5610037DFB0 /* Project object */;
}
